
Microsoft Visual Studio Solution File, Format Version 12.00
Project("{FAE04EC0-301F-11D3-BF4B-00C04F79EFBC}") = "SocialNetwork", "src\SocialNetwork\SocialNetwork.csproj", "{6B286EF7-4E36-4D42-BFB5-1B337EDE3C03}"
EndProject
Project("{FAE04EC0-301F-11D3-BF4B-00C04F79EFBC}") = "SocialNetwork.Core", "src\SocialNetwork.Core\SocialNetwork.Core.csproj", "{21E47CCE-4B9D-4A71-B846-2EE46A36F2DA}"
EndProject
Project("{FAE04EC0-301F-11D3-BF4B-00C04F79EFBC}") = "SocialNetwork.Infrastructure", "src\SocialNetwork.Infrastructure\SocialNetwork.Infrastructure.csproj", "{24923B06-6ACC-49D9-BE49-37CA0F33BF96}"
EndProject
Project("{FAE04EC0-301F-11D3-BF4B-00C04F79EFBC}") = "SocialNetwork.Infrastructure.Migrator", "src\SocialNetwork.Infrastructure.Migrator\SocialNetwork.Infrastructure.Migrator.csproj", "{215F6298-FA0E-4B39-93C7-2FB9F8D827B6}"
EndProject
Project("{2150E333-8FDC-42A3-9474-1A3956D46DE8}") = "deploy", "deploy", "{E6CE0155-49D8-4AB9-B056-894C53F300C1}"
	ProjectSection(SolutionItems) = preProject
		Dockerfile = Dockerfile
		.dockerignore = .dockerignore
	EndProjectSection
EndProject
Global
	GlobalSection(SolutionConfigurationPlatforms) = preSolution
		Debug|Any CPU = Debug|Any CPU
		Release|Any CPU = Release|Any CPU
	EndGlobalSection
	GlobalSection(ProjectConfigurationPlatforms) = postSolution
		{6B286EF7-4E36-4D42-BFB5-1B337EDE3C03}.Debug|Any CPU.ActiveCfg = Debug|Any CPU
		{6B286EF7-4E36-4D42-BFB5-1B337EDE3C03}.Debug|Any CPU.Build.0 = Debug|Any CPU
		{6B286EF7-4E36-4D42-BFB5-1B337EDE3C03}.Release|Any CPU.ActiveCfg = Release|Any CPU
		{6B286EF7-4E36-4D42-BFB5-1B337EDE3C03}.Release|Any CPU.Build.0 = Release|Any CPU
		{21E47CCE-4B9D-4A71-B846-2EE46A36F2DA}.Debug|Any CPU.ActiveCfg = Debug|Any CPU
		{21E47CCE-4B9D-4A71-B846-2EE46A36F2DA}.Debug|Any CPU.Build.0 = Debug|Any CPU
		{21E47CCE-4B9D-4A71-B846-2EE46A36F2DA}.Release|Any CPU.ActiveCfg = Release|Any CPU
		{21E47CCE-4B9D-4A71-B846-2EE46A36F2DA}.Release|Any CPU.Build.0 = Release|Any CPU
		{24923B06-6ACC-49D9-BE49-37CA0F33BF96}.Debug|Any CPU.ActiveCfg = Debug|Any CPU
		{24923B06-6ACC-49D9-BE49-37CA0F33BF96}.Debug|Any CPU.Build.0 = Debug|Any CPU
		{24923B06-6ACC-49D9-BE49-37CA0F33BF96}.Release|Any CPU.ActiveCfg = Release|Any CPU
		{24923B06-6ACC-49D9-BE49-37CA0F33BF96}.Release|Any CPU.Build.0 = Release|Any CPU
		{215F6298-FA0E-4B39-93C7-2FB9F8D827B6}.Debug|Any CPU.ActiveCfg = Debug|Any CPU
		{215F6298-FA0E-4B39-93C7-2FB9F8D827B6}.Debug|Any CPU.Build.0 = Debug|Any CPU
		{215F6298-FA0E-4B39-93C7-2FB9F8D827B6}.Release|Any CPU.ActiveCfg = Release|Any CPU
		{215F6298-FA0E-4B39-93C7-2FB9F8D827B6}.Release|Any CPU.Build.0 = Release|Any CPU
	EndGlobalSection
EndGlobal
